
Microsoft Visual Studio Solution File, Format Version 12.00
# Visual Studio Version 16
VisualStudioVersion = 16.0.29905.134
MinimumVisualStudioVersion = 10.0.40219.1
Project("{FAE04EC0-301F-11D3-BF4B-00C04F79EFBC}") = "Problema", "Problema\Problema.csproj", "{EADACAAC-01C4-456D-980F-1BA3C09FB98C}"
EndProject
Project("{9A19103F-16F7-4668-BE54-9A1E7A4F7556}") = "LibrarieModele", "LibrarieModele\LibrarieModele.csproj", "{2B3122EE-E5D3-45B3-863D-3C1E5C645127}"
EndProject
Project("{9A19103F-16F7-4668-BE54-9A1E7A4F7556}") = "NivelAccesDate", "NivelAccesDate\NivelAccesDate.csproj", "{682FB0A5-C1CD-438A-9152-AB2E279FE78E}"
EndProject
Project("{FAE04EC0-301F-11D3-BF4B-00C04F79EFBC}") = "AutomobileForms", "AutomobileForms\AutomobileForms.csproj", "{F11B594C-A5C9-4090-8DD4-4204FE336D83}"
EndProject
Global
	GlobalSection(SolutionConfigurationPlatforms) = preSolution
		Debug|Any CPU = Debug|Any CPU
		Release|Any CPU = Release|Any CPU
	EndGlobalSection
	GlobalSection(ProjectConfigurationPlatforms) = postSolution
		{EADACAAC-01C4-456D-980F-1BA3C09FB98C}.Debug|Any CPU.ActiveCfg = Debug|Any CPU
		{EADACAAC-01C4-456D-980F-1BA3C09FB98C}.Debug|Any CPU.Build.0 = Debug|Any CPU
		{EADACAAC-01C4-456D-980F-1BA3C09FB98C}.Release|Any CPU.ActiveCfg = Release|Any CPU
		{EADACAAC-01C4-456D-980F-1BA3C09FB98C}.Release|Any CPU.Build.0 = Release|Any CPU
		{2B3122EE-E5D3-45B3-863D-3C1E5C645127}.Debug|Any CPU.ActiveCfg = Debug|Any CPU
		{2B3122EE-E5D3-45B3-863D-3C1E5C645127}.Debug|Any CPU.Build.0 = Debug|Any CPU
		{2B3122EE-E5D3-45B3-863D-3C1E5C645127}.Release|Any CPU.ActiveCfg = Release|Any CPU
		{2B3122EE-E5D3-45B3-863D-3C1E5C645127}.Release|Any CPU.Build.0 = Release|Any CPU
		{682FB0A5-C1CD-438A-9152-AB2E279FE78E}.Debug|Any CPU.ActiveCfg = Debug|Any CPU
		{682FB0A5-C1CD-438A-9152-AB2E279FE78E}.Debug|Any CPU.Build.0 = Debug|Any CPU
		{682FB0A5-C1CD-438A-9152-AB2E279FE78E}.Release|Any CPU.ActiveCfg = Release|Any CPU
		{682FB0A5-C1CD-438A-9152-AB2E279FE78E}.Release|Any CPU.Build.0 = Release|Any CPU
		{F11B594C-A5C9-4090-8DD4-4204FE336D83}.Debug|Any CPU.ActiveCfg = Debug|Any CPU
		{F11B594C-A5C9-4090-8DD4-4204FE336D83}.Debug|Any CPU.Build.0 = Debug|Any CPU
		{F11B594C-A5C9-4090-8DD4-4204FE336D83}.Release|Any CPU.ActiveCfg = Release|Any CPU
		{F11B594C-A5C9-4090-8DD4-4204FE336D83}.Release|Any CPU.Build.0 = Release|Any CPU
	EndGlobalSection
	GlobalSection(SolutionProperties) = preSolution
		HideSolutionNode = FALSE
	EndGlobalSection
	GlobalSection(ExtensibilityGlobals) = postSolution
		SolutionGuid = {F4CA7358-BA09-4B1F-A380-E819018EBE4E}
	EndGlobalSection
EndGlobal
